
Microsoft Visual Studio Solution File, Format Version 12.00
# Visual Studio 15
VisualStudioVersion = 15.0.28307.1622
MinimumVisualStudioVersion = 10.0.40219.1
Project("{FAE04EC0-301F-11D3-BF4B-00C04F79EFBC}") = "MVC", "MVC\MVC.csproj", "{0CD5270A-4EE8-4FCF-A66E-5EA16E312CFA}"
EndProject
Global
	GlobalSection(SolutionConfigurationPlatforms) = preSolution
		Debug|Any CPU = Debug|Any CPU
		Release|Any CPU = Release|Any CPU
	EndGlobalSection
	GlobalSection(ProjectConfigurationPlatforms) = postSolution
		{0CD5270A-4EE8-4FCF-A66E-5EA16E312CFA}.Debug|Any CPU.ActiveCfg = Debug|Any CPU
		{0CD5270A-4EE8-4FCF-A66E-5EA16E312CFA}.Debug|Any CPU.Build.0 = Debug|Any CPU
		{0CD5270A-4EE8-4FCF-A66E-5EA16E312CFA}.Release|Any CPU.ActiveCfg = Release|Any CPU
		{0CD5270A-4EE8-4FCF-A66E-5EA16E312CFA}.Release|Any CPU.Build.0 = Release|Any CPU
	EndGlobalSection
	GlobalSection(SolutionProperties) = preSolution
		HideSolutionNode = FALSE
	EndGlobalSection
	GlobalSection(ExtensibilityGlobals) = postSolution
		SolutionGuid = {15651A2E-BAEE-4EFE-80CF-70DB619D90B8}
	EndGlobalSection
EndGlobal
